// !$*UTF8*$!
{
	archiveVersion = 1;
	classes = {
	};
	objectVersion = 51;
	objects = {

/* Begin PBXBuildFile section */
		0AF8DAF0C6B83A6A4769FA40 /* Pods_Cool3DSideBarMenu.framework in Frameworks */ = {isa = PBXBuildFile; fileRef = 8DD38F6D5CC08270AB5924D0 /* Pods_Cool3DSideBarMenu.framework */; };
		9710276522A8B1AB00217585 /* AppDelegate.m in Sources */ = {isa = PBXBuildFile; fileRef = 9710276422A8B1AB00217585 /* AppDelegate.m */; };
		9710276822A8B1AB00217585 /* ViewController.m in Sources */ = {isa = PBXBuildFile; fileRef = 9710276722A8B1AB00217585 /* ViewController.m */; };
		9710276B22A8B1AB00217585 /* Main.storyboard in Resources */ = {isa = PBXBuildFile; fileRef = 9710276922A8B1AB00217585 /* Main.storyboard */; };
		9710276D22A8B1AC00217585 /* Assets.xcassets in Resources */ = {isa = PBXBuildFile; fileRef = 9710276C22A8B1AC00217585 /* Assets.xcassets */; };
		9710277022A8B1AC00217585 /* LaunchScreen.storyboard in Resources */ = {isa = PBXBuildFile; fileRef = 9710276E22A8B1AC00217585 /* LaunchScreen.storyboard */; };
		9710277322A8B1AC00217585 /* main.m in Sources */ = {isa = PBXBuildFile; fileRef = 9710277222A8B1AC00217585 /* main.m */; };
		9710278422A8B5A900217585 /* MenuViewController.m in Sources */ = {isa = PBXBuildFile; fileRef = 9710278322A8B5A900217585 /* MenuViewController.m */; };
		9710278722A8B61000217585 /* RootViewController.m in Sources */ = {isa = PBXBuildFile; fileRef = 9710278622A8B61000217585 /* RootViewController.m */; };
		9710278A22A8B63000217585 /* DetailViewController.m in Sources */ = {isa = PBXBuildFile; fileRef = 9710278922A8B63000217585 /* DetailViewController.m */; };
		9710278E22A8B81E00217585 /* MenuItemCell.m in Sources */ = {isa = PBXBuildFile; fileRef = 9710278C22A8B81E00217585 /* MenuItemCell.m */; };
		9710278F22A8B81E00217585 /* MenuItemCell.xib in Resources */ = {isa = PBXBuildFile; fileRef = 9710278D22A8B81E00217585 /* MenuItemCell.xib */; };
		9710279322AB884A00217585 /* MenuItems.json in Resources */ = {isa = PBXBuildFile; fileRef = 9710279222AB884A00217585 /* MenuItems.json */; };
		9710279622AB88F500217585 /* MenuItemModel.m in Sources */ = {isa = PBXBuildFile; fileRef = 9710279522AB88F500217585 /* MenuItemModel.m */; };
		9710279D22ACE07E00217585 /* HamburgerView.m in Sources */ = {isa = PBXBuildFile; fileRef = 9710279C22ACE07E00217585 /* HamburgerView.m */; };
/* End PBXBuildFile section */

/* Begin PBXFileReference section */
		1C32C11D0718013D2AB466B4 /* Pods-Cool3DSideBarMenu.debug.xcconfig */ = {isa = PBXFileReference; includeInIndex = 1; lastKnownFileType = text.xcconfig; name = "Pods-Cool3DSideBarMenu.debug.xcconfig"; path = "Target Support Files/Pods-Cool3DSideBarMenu/Pods-Cool3DSideBarMenu.debug.xcconfig"; sourceTree = "<group>"; };
		8DD38F6D5CC08270AB5924D0 /* Pods_Cool3DSideBarMenu.framework */ = {isa = PBXFileReference; explicitFileType = wrapper.framework; includeInIndex = 0; path = Pods_Cool3DSideBarMenu.framework; sourceTree = BUILT_PRODUCTS_DIR; };
		9710276022A8B1AB00217585 /* Cool3DSideBarMenu.app */ = {isa = PBXFileReference; explicitFileType = wrapper.application; includeInIndex = 0; path = Cool3DSideBarMenu.app; sourceTree = BUILT_PRODUCTS_DIR; };
		9710276322A8B1AB00217585 /* AppDelegate.h */ = {isa = PBXFileReference; lastKnownFileType = sourcecode.c.h; path = AppDelegate.h; sourceTree = "<group>"; };
		9710276422A8B1AB00217585 /* AppDelegate.m */ = {isa = PBXFileReference; lastKnownFileType = sourcecode.c.objc; path = AppDelegate.m; sourceTree = "<group>"; };
		9710276622A8B1AB00217585 /* ViewController.h */ = {isa = PBXFileReference; lastKnownFileType = sourcecode.c.h; path = ViewController.h; sourceTree = "<group>"; };
		9710276722A8B1AB00217585 /* ViewController.m */ = {isa = PBXFileReference; lastKnownFileType = sourcecode.c.objc; path = ViewController.m; sourceTree = "<group>"; };
		9710276A22A8B1AB00217585 /* Base */ = {isa = PBXFileReference; lastKnownFileType = file.storyboard; name = Base; path = Base.lproj/Main.storyboard; sourceTree = "<group>"; };
		9710276C22A8B1AC00217585 /* Assets.xcassets */ = {isa = PBXFileReference; lastKnownFileType = folder.assetcatalog; path = Assets.xcassets; sourceTree = "<group>"; };
		9710276F22A8B1AC00217585 /* Base */ = {isa = PBXFileReference; lastKnownFileType = file.storyboard; name = Base; path = Base.lproj/LaunchScreen.storyboard; sourceTree = "<group>"; };
		9710277122A8B1AC00217585 /* Info.plist */ = {isa = PBXFileReference; lastKnownFileType = text.plist.xml; path = Info.plist; sourceTree = "<group>"; };
		9710277222A8B1AC00217585 /* main.m */ = {isa = PBXFileReference; lastKnownFileType = sourcecode.c.objc; path = main.m; sourceTree = "<group>"; };
		9710278222A8B5A900217585 /* MenuViewController.h */ = {isa = PBXFileReference; lastKnownFileType = sourcecode.c.h; path = MenuViewController.h; sourceTree = "<group>"; };
		9710278322A8B5A900217585 /* MenuViewController.m */ = {isa = PBXFileReference; lastKnownFileType = sourcecode.c.objc; path = MenuViewController.m; sourceTree = "<group>"; };
		9710278522A8B61000217585 /* RootViewController.h */ = {isa = PBXFileReference; lastKnownFileType = sourcecode.c.h; path = RootViewController.h; sourceTree = "<group>"; };
		9710278622A8B61000217585 /* RootViewController.m */ = {isa = PBXFileReference; lastKnownFileType = sourcecode.c.objc; path = RootViewController.m; sourceTree = "<group>"; };
		9710278822A8B63000217585 /* DetailViewController.h */ = {isa = PBXFileReference; lastKnownFileType = sourcecode.c.h; path = DetailViewController.h; sourceTree = "<group>"; };
		9710278922A8B63000217585 /* DetailViewController.m */ = {isa = PBXFileReference; lastKnownFileType = sourcecode.c.objc; path = DetailViewController.m; sourceTree = "<group>"; };
		9710278B22A8B81E00217585 /* MenuItemCell.h */ = {isa = PBXFileReference; lastKnownFileType = sourcecode.c.h; path = MenuItemCell.h; sourceTree = "<group>"; };
		9710278C22A8B81E00217585 /* MenuItemCell.m */ = {isa = PBXFileReference; lastKnownFileType = sourcecode.c.objc; path = MenuItemCell.m; sourceTree = "<group>"; };
		9710278D22A8B81E00217585 /* MenuItemCell.xib */ = {isa = PBXFileReference; lastKnownFileType = file.xib; path = MenuItemCell.xib; sourceTree = "<group>"; };
		9710279222AB884A00217585 /* MenuItems.json */ = {isa = PBXFileReference; fileEncoding = 4; lastKnownFileType = text.json; path = MenuItems.json; sourceTree = "<group>"; };
		9710279422AB88F500217585 /* MenuItemModel.h */ = {isa = PBXFileReference; lastKnownFileType = sourcecode.c.h; path = MenuItemModel.h; sourceTree = "<group>"; };
		9710279522AB88F500217585 /* MenuItemModel.m */ = {isa = PBXFileReference; lastKnownFileType = sourcecode.c.objc; path = MenuItemModel.m; sourceTree = "<group>"; };
		9710279B22ACE07E00217585 /* HamburgerView.h */ = {isa = PBXFileReference; lastKnownFileType = sourcecode.c.h; path = HamburgerView.h; sourceTree = "<group>"; };
		9710279C22ACE07E00217585 /* HamburgerView.m */ = {isa = PBXFileReference; lastKnownFileType = sourcecode.c.objc; path = HamburgerView.m; sourceTree = "<group>"; };
		F48AF5F4B9FCBFB82ED65512 /* Pods-Cool3DSideBarMenu.release.xcconfig */ = {isa = PBXFileReference; includeInIndex = 1; lastKnownFileType = text.xcconfig; name = "Pods-Cool3DSideBarMenu.release.xcconfig"; path = "Target Support Files/Pods-Cool3DSideBarMenu/Pods-Cool3DSideBarMenu.release.xcconfig"; sourceTree = "<group>"; };
/* End PBXFileReference section */

/* Begin PBXFrameworksBuildPhase section */
		9710275D22A8B1AB00217585 /* Frameworks */ = {
			isa = PBXFrameworksBuildPhase;
			buildActionMask = 2147483647;
			files = (
				0AF8DAF0C6B83A6A4769FA40 /* Pods_Cool3DSideBarMenu.framework in Frameworks */,
			);
			runOnlyForDeploymentPostprocessing = 0;
		};
/* End PBXFrameworksBuildPhase section */

/* Begin PBXGroup section */
		4A5C8878C7EAB3A4A31AEFE2 /* Frameworks */ = {
			isa = PBXGroup;
			children = (
				8DD38F6D5CC08270AB5924D0 /* Pods_Cool3DSideBarMenu.framework */,
			);
			name = Frameworks;
			sourceTree = "<group>";
		};
		9710275722A8B1AB00217585 = {
			isa = PBXGroup;
			children = (
				9710276222A8B1AB00217585 /* Cool3DSideBarMenu */,
				9710276122A8B1AB00217585 /* Products */,
				AB5B5F7E670289CC9ED66DD6 /* Pods */,
				4A5C8878C7EAB3A4A31AEFE2 /* Frameworks */,
			);
			sourceTree = "<group>";
		};
		9710276122A8B1AB00217585 /* Products */ = {
			isa = PBXGroup;
			children = (
				9710276022A8B1AB00217585 /* Cool3DSideBarMenu.app */,
			);
			name = Products;
			sourceTree = "<group>";
		};
		9710276222A8B1AB00217585 /* Cool3DSideBarMenu */ = {
			isa = PBXGroup;
			children = (
				9710276322A8B1AB00217585 /* AppDelegate.h */,
				9710276422A8B1AB00217585 /* AppDelegate.m */,
				9710276622A8B1AB00217585 /* ViewController.h */,
				9710276722A8B1AB00217585 /* ViewController.m */,
				9710276922A8B1AB00217585 /* Main.storyboard */,
				9710276C22A8B1AC00217585 /* Assets.xcassets */,
				9710276E22A8B1AC00217585 /* LaunchScreen.storyboard */,
				9710277122A8B1AC00217585 /* Info.plist */,
				9710277222A8B1AC00217585 /* main.m */,
				9710279722ABA45F00217585 /* Controller */,
				9710279A22ACE04E00217585 /* Resources */,
				9710279822ABA47000217585 /* Cell */,
				9710279922ACE03B00217585 /* Model */,
				9710279E22ACE08600217585 /* View */,
			);
			path = Cool3DSideBarMenu;
			sourceTree = "<group>";
		};
		9710279722ABA45F00217585 /* Controller */ = {
			isa = PBXGroup;
			children = (
				9710278222A8B5A900217585 /* MenuViewController.h */,
				9710278322A8B5A900217585 /* MenuViewController.m */,
				9710278522A8B61000217585 /* RootViewController.h */,
				9710278622A8B61000217585 /* RootViewController.m */,
				9710278822A8B63000217585 /* DetailViewController.h */,
				9710278922A8B63000217585 /* DetailViewController.m */,
			);
			path = Controller;
			sourceTree = "<group>";
		};
		9710279822ABA47000217585 /* Cell */ = {
			isa = PBXGroup;
			children = (
				9710278B22A8B81E00217585 /* MenuItemCell.h */,
				9710278C22A8B81E00217585 /* MenuItemCell.m */,
				9710278D22A8B81E00217585 /* MenuItemCell.xib */,
			);
			path = Cell;
			sourceTree = "<group>";
		};
		9710279922ACE03B00217585 /* Model */ = {
			isa = PBXGroup;
			children = (
				9710279422AB88F500217585 /* MenuItemModel.h */,
				9710279522AB88F500217585 /* MenuItemModel.m */,
			);
			path = Model;
			sourceTree = "<group>";
		};
		9710279A22ACE04E00217585 /* Resources */ = {
			isa = PBXGroup;
			children = (
				9710279222AB884A00217585 /* MenuItems.json */,
			);
			path = Resources;
			sourceTree = "<group>";
		};
		9710279E22ACE08600217585 /* View */ = {
			isa = PBXGroup;
			children = (
				9710279B22ACE07E00217585 /* HamburgerView.h */,
				9710279C22ACE07E00217585 /* HamburgerView.m */,
			);
			path = View;
			sourceTree = "<group>";
		};
		AB5B5F7E670289CC9ED66DD6 /* Pods */ = {
			isa = PBXGroup;
			children = (
				1C32C11D0718013D2AB466B4 /* Pods-Cool3DSideBarMenu.debug.xcconfig */,
				F48AF5F4B9FCBFB82ED65512 /* Pods-Cool3DSideBarMenu.release.xcconfig */,
			);
			path = Pods;
			sourceTree = "<group>";
		};
/* End PBXGroup section */

/* Begin PBXNativeTarget section */
		9710275F22A8B1AB00217585 /* Cool3DSideBarMenu */ = {
			isa = PBXNativeTarget;
			buildConfigurationList = 9710277622A8B1AC00217585 /* Build configuration list for PBXNativeTarget "Cool3DSideBarMenu" */;
			buildPhases = (
				B44FE370E361F16FCB3B3895 /* [CP] Check Pods Manifest.lock */,
				9710275C22A8B1AB00217585 /* Sources */,
				9710275D22A8B1AB00217585 /* Frameworks */,
				9710275E22A8B1AB00217585 /* Resources */,
				89935C5A0675FF2BF9CD14CB /* [CP] Embed Pods Frameworks */,
			);
			buildRules = (
			);
			dependencies = (
			);
			name = Cool3DSideBarMenu;
			productName = Cool3DSideBarMenu;
			productReference = 9710276022A8B1AB00217585 /* Cool3DSideBarMenu.app */;
			productType = "com.apple.product-type.application";
		};
/* End PBXNativeTarget section */

/* Begin PBXProject section */
		9710275822A8B1AB00217585 /* Project object */ = {
			isa = PBXProject;
			attributes = {
				LastUpgradeCheck = 1020;
				ORGANIZATIONNAME = "nycojie@gmail.com";
				TargetAttributes = {
					9710275F22A8B1AB00217585 = {
						CreatedOnToolsVersion = 10.2;
					};
				};
			};
			buildConfigurationList = 9710275B22A8B1AB00217585 /* Build configuration list for PBXProject "Cool3DSideBarMenu" */;
			compatibilityVersion = "Xcode 9.3";
			developmentRegion = en;
			hasScannedForEncodings = 0;
			knownRegions = (
				en,
				Base,
			);
			mainGroup = 9710275722A8B1AB00217585;
			productRefGroup = 9710276122A8B1AB00217585 /* Products */;
			projectDirPath = "";
			projectRoot = "";
			targets = (
				9710275F22A8B1AB00217585 /* Cool3DSideBarMenu */,
			);
		};
/* End PBXProject section */

/* Begin PBXResourcesBuildPhase section */
		9710275E22A8B1AB00217585 /* Resources */ = {
			isa = PBXResourcesBuildPhase;
			buildActionMask = 2147483647;
			files = (
				9710277022A8B1AC00217585 /* LaunchScreen.storyboard in Resources */,
				9710278F22A8B81E00217585 /* MenuItemCell.xib in Resources */,
				9710276D22A8B1AC00217585 /* Assets.xcassets in Resources */,
				9710279322AB884A00217585 /* MenuItems.json in Resources */,
				9710276B22A8B1AB00217585 /* Main.storyboard in Resources */,
			);
			runOnlyForDeploymentPostprocessing = 0;
		};
/* End PBXResourcesBuildPhase section */

/* Begin PBXShellScriptBuildPhase section */
		89935C5A0675FF2BF9CD14CB /* [CP] Embed Pods Frameworks */ = {
			isa = PBXShellScriptBuildPhase;
			buildActionMask = 2147483647;
			files = (
			);
			inputFileListPaths = (
				"${PODS_ROOT}/Target Support Files/Pods-Cool3DSideBarMenu/Pods-Cool3DSideBarMenu-frameworks-${CONFIGURATION}-input-files.xcfilelist",
			);
			name = "[CP] Embed Pods Frameworks";
			outputFileListPaths = (
				"${PODS_ROOT}/Target Support Files/Pods-Cool3DSideBarMenu/Pods-Cool3DSideBarMenu-frameworks-${CONFIGURATION}-output-files.xcfilelist",
			);
			runOnlyForDeploymentPostprocessing = 0;
			shellPath = /bin/sh;
			shellScript = "\"${PODS_ROOT}/Target Support Files/Pods-Cool3DSideBarMenu/Pods-Cool3DSideBarMenu-frameworks.sh\"\n";
			showEnvVarsInLog = 0;
		};
		B44FE370E361F16FCB3B3895 /* [CP] Check Pods Manifest.lock */ = {
			isa = PBXShellScriptBuildPhase;
			buildActionMask = 2147483647;
			files = (
			);
			inputFileListPaths = (
			);
			inputPaths = (
				"${PODS_PODFILE_DIR_PATH}/Podfile.lock",
				"${PODS_ROOT}/Manifest.lock",
			);
			name = "[CP] Check Pods Manifest.lock";
			outputFileListPaths = (
			);
			outputPaths = (
				"$(DERIVED_FILE_DIR)/Pods-Cool3DSideBarMenu-checkManifestLockResult.txt",
			);
			runOnlyForDeploymentPostprocessing = 0;
			shellPath = /bin/sh;
			shellScript = "diff \"${PODS_PODFILE_DIR_PATH}/Podfile.lock\" \"${PODS_ROOT}/Manifest.lock\" > /dev/null\nif [ $? != 0 ] ; then\n    # print error to STDERR\n    echo \"error: The sandbox is not in sync with the Podfile.lock. Run 'pod install' or update your CocoaPods installation.\" >&2\n    exit 1\nfi\n# This output is used by Xcode 'outputs' to avoid re-running this script phase.\necho \"SUCCESS\" > \"${SCRIPT_OUTPUT_FILE_0}\"\n";
			showEnvVarsInLog = 0;
		};
/* End PBXShellScriptBuildPhase section */

/* Begin PBXSourcesBuildPhase section */
		9710275C22A8B1AB00217585 /* Sources */ = {
			isa = PBXSourcesBuildPhase;
			buildActionMask = 2147483647;
			files = (
				9710276822A8B1AB00217585 /* ViewController.m in Sources */,
				9710277322A8B1AC00217585 /* main.m in Sources */,
				9710276522A8B1AB00217585 /* AppDelegate.m in Sources */,
				9710278E22A8B81E00217585 /* MenuItemCell.m in Sources */,
				9710278422A8B5A900217585 /* MenuViewController.m in Sources */,
				9710279D22ACE07E00217585 /* HamburgerView.m in Sources */,
				9710278722A8B61000217585 /* RootViewController.m in Sources */,
				9710278A22A8B63000217585 /* DetailViewController.m in Sources */,
				9710279622AB88F500217585 /* MenuItemModel.m in Sources */,
			);
			runOnlyForDeploymentPostprocessing = 0;
		};
/* End PBXSourcesBuildPhase section */

/* Begin PBXVariantGroup section */
		9710276922A8B1AB00217585 /* Main.storyboard */ = {
			isa = PBXVariantGroup;
			children = (
				9710276A22A8B1AB00217585 /* Base */,
			);
			name = Main.storyboard;
			sourceTree = "<group>";
		};
		9710276E22A8B1AC00217585 /* LaunchScreen.storyboard */ = {
			isa = PBXVariantGroup;
			children = (
				9710276F22A8B1AC00217585 /* Base */,
			);
			name = LaunchScreen.storyboard;
			sourceTree = "<group>";
		};
/* End PBXVariantGroup section */

/* Begin XCBuildConfiguration section */
		9710277422A8B1AC00217585 /* Debug */ = {
			isa = XCBuildConfiguration;
			buildSettings = {
				ALWAYS_SEARCH_USER_PATHS = NO;
				CLANG_ANALYZER_NONNULL = YES;
				CLANG_ANALYZER_NUMBER_OBJECT_CONVERSION = YES_AGGRESSIVE;
				CLANG_CXX_LANGUAGE_STANDARD = "gnu++14";
				CLANG_CXX_LIBRARY = "libc++";
				CLANG_ENABLE_MODULES = YES;
				CLANG_ENABLE_OBJC_ARC = YES;
				CLANG_ENABLE_OBJC_WEAK = YES;
				CLANG_WARN_BLOCK_CAPTURE_AUTORELEASING = YES;
				CLANG_WARN_BOOL_CONVERSION = YES;
				CLANG_WARN_COMMA = YES;
				CLANG_WARN_CONSTANT_CONVERSION = YES;
				CLANG_WARN_DEPRECATED_OBJC_IMPLEMENTATIONS = YES;
				CLANG_WARN_DIRECT_OBJC_ISA_USAGE = YES_ERROR;
				CLANG_WARN_DOCUMENTATION_COMMENTS = YES;
				CLANG_WARN_EMPTY_BODY = YES;
				CLANG_WARN_ENUM_CONVERSION = YES;
				CLANG_WARN_INFINITE_RECURSION = YES;
				CLANG_WARN_INT_CONVERSION = YES;
				CLANG_WARN_NON_LITERAL_NULL_CONVERSION = YES;
				CLANG_WARN_OBJC_IMPLICIT_RETAIN_SELF = YES;
				CLANG_WARN_OBJC_LITERAL_CONVERSION = YES;
				CLANG_WARN_OBJC_ROOT_CLASS = YES_ERROR;
				CLANG_WARN_RANGE_LOOP_ANALYSIS = YES;
				CLANG_WARN_STRICT_PROTOTYPES = YES;
				CLANG_WARN_SUSPICIOUS_MOVE = YES;
				CLANG_WARN_UNGUARDED_AVAILABILITY = YES_AGGRESSIVE;
				CLANG_WARN_UNREACHABLE_CODE = YES;
				CLANG_WARN__DUPLICATE_METHOD_MATCH = YES;
				CODE_SIGN_IDENTITY = "iPhone Developer";
				COPY_PHASE_STRIP = NO;
				DEBUG_INFORMATION_FORMAT = dwarf;
				ENABLE_STRICT_OBJC_MSGSEND = YES;
				ENABLE_TESTABILITY = YES;
				GCC_C_LANGUAGE_STANDARD = gnu11;
				GCC_DYNAMIC_NO_PIC = NO;
				GCC_NO_COMMON_BLOCKS = YES;
				GCC_OPTIMIZATION_LEVEL = 0;
				GCC_PREPROCESSOR_DEFINITIONS = (
					"DEBUG=1",
					"$(inherited)",
				);
				GCC_WARN_64_TO_32_BIT_CONVERSION = YES;
				GCC_WARN_ABOUT_RETURN_TYPE = YES_ERROR;
				GCC_WARN_UNDECLARED_SELECTOR = YES;
				GCC_WARN_UNINITIALIZED_AUTOS = YES_AGGRESSIVE;
				GCC_WARN_UNUSED_FUNCTION = YES;
				GCC_WARN_UNUSED_VARIABLE = YES;
				IPHONEOS_DEPLOYMENT_TARGET = 12.2;
				MTL_ENABLE_DEBUG_INFO = INCLUDE_SOURCE;
				MTL_FAST_MATH = YES;
				ONLY_ACTIVE_ARCH = YES;
				SDKROOT = iphoneos;
			};
			name = Debug;
		};
		9710277522A8B1AC00217585 /* Release */ = {
			isa = XCBuildConfiguration;
			buildSettings = {
				ALWAYS_SEARCH_USER_PATHS = NO;
				CLANG_ANALYZER_NONNULL = YES;
				CLANG_ANALYZER_NUMBER_OBJECT_CONVERSION = YES_AGGRESSIVE;
				CLANG_CXX_LANGUAGE_STANDARD = "gnu++14";
				CLANG_CXX_LIBRARY = "libc++";
				CLANG_ENABLE_MODULES = YES;
				CLANG_ENABLE_OBJC_ARC = YES;
				CLANG_ENABLE_OBJC_WEAK = YES;
				CLANG_WARN_BLOCK_CAPTURE_AUTORELEASING = YES;
				CLANG_WARN_BOOL_CONVERSION = YES;
				CLANG_WARN_COMMA = YES;
				CLANG_WARN_CONSTANT_CONVERSION = YES;
				CLANG_WARN_DEPRECATED_OBJC_IMPLEMENTATIONS = YES;
				CLANG_WARN_DIRECT_OBJC_ISA_USAGE = YES_ERROR;
				CLANG_WARN_DOCUMENTATION_COMMENTS = YES;
				CLANG_WARN_EMPTY_BODY = YES;
				CLANG_WARN_ENUM_CONVERSION = YES;
				CLANG_WARN_INFINITE_RECURSION = YES;
				CLANG_WARN_INT_CONVERSION = YES;
				CLANG_WARN_NON_LITERAL_NULL_CONVERSION = YES;
				CLANG_WARN_OBJC_IMPLICIT_RETAIN_SELF = YES;
				CLANG_WARN_OBJC_LITERAL_CONVERSION = YES;
				CLANG_WARN_OBJC_ROOT_CLASS = YES_ERROR;
				CLANG_WARN_RANGE_LOOP_ANALYSIS = YES;
				CLANG_WARN_STRICT_PROTOTYPES = YES;
				CLANG_WARN_SUSPICIOUS_MOVE = YES;
				CLANG_WARN_UNGUARDED_AVAILABILITY = YES_AGGRESSIVE;
				CLANG_WARN_UNREACHABLE_CODE = YES;
				CLANG_WARN__DUPLICATE_METHOD_MATCH = YES;
				CODE_SIGN_IDENTITY = "iPhone Developer";
				COPY_PHASE_STRIP = NO;
				DEBUG_INFORMATION_FORMAT = "dwarf-with-dsym";
				ENABLE_NS_ASSERTIONS = NO;
				ENABLE_STRICT_OBJC_MSGSEND = YES;
				GCC_C_LANGUAGE_STANDARD = gnu11;
				GCC_NO_COMMON_BLOCKS = YES;
				GCC_WARN_64_TO_32_BIT_CONVERSION = YES;
				GCC_WARN_ABOUT_RETURN_TYPE = YES_ERROR;
				GCC_WARN_UNDECLARED_SELECTOR = YES;
				GCC_WARN_UNINITIALIZED_AUTOS = YES_AGGRESSIVE;
				GCC_WARN_UNUSED_FUNCTION = YES;
				GCC_WARN_UNUSED_VARIABLE = YES;
				IPHONEOS_DEPLOYMENT_TARGET = 12.2;
				MTL_ENABLE_DEBUG_INFO = NO;
				MTL_FAST_MATH = YES;
				SDKROOT = iphoneos;
				VALIDATE_PRODUCT = YES;
			};
			name = Release;
		};
		9710277722A8B1AC00217585 /* Debug */ = {
			isa = XCBuildConfiguration;
			baseConfigurationReference = 1C32C11D0718013D2AB466B4 /* Pods-Cool3DSideBarMenu.debug.xcconfig */;
			buildSettings = {
				ASSETCATALOG_COMPILER_APPICON_NAME = AppIcon;
				CODE_SIGN_STYLE = Automatic;
				DEVELOPMENT_TEAM = KMAAMFZ5Y3;
				INFOPLIST_FILE = Cool3DSideBarMenu/Info.plist;
				LD_RUNPATH_SEARCH_PATHS = (
					"$(inherited)",
					"@executable_path/Frameworks",
				);
				PRODUCT_BUNDLE_IDENTIFIER = YF.Cool3DSideBarMenu;
				PRODUCT_NAME = "$(TARGET_NAME)";
				TARGETED_DEVICE_FAMILY = 1;
			};
			name = Debug;
		};
		9710277822A8B1AC00217585 /* Release */ = {
			isa = XCBuildConfiguration;
			baseConfigurationReference = F48AF5F4B9FCBFB82ED65512 /* Pods-Cool3DSideBarMenu.release.xcconfig */;
			buildSettings = {
				ASSETCATALOG_COMPILER_APPICON_NAME = AppIcon;
				CODE_SIGN_STYLE = Automatic;
				DEVELOPMENT_TEAM = KMAAMFZ5Y3;
				INFOPLIST_FILE = Cool3DSideBarMenu/Info.plist;
				LD_RUNPATH_SEARCH_PATHS = (
					"$(inherited)",
					"@executable_path/Frameworks",
				);
				PRODUCT_BUNDLE_IDENTIFIER = YF.Cool3DSideBarMenu;
				PRODUCT_NAME = "$(TARGET_NAME)";
				TARGETED_DEVICE_FAMILY = 1;
			};
			name = Release;
		};
/* End XCBuildConfiguration section */

/* Begin XCConfigurationList section */
		9710275B22A8B1AB00217585 /* Build configuration list for PBXProject "Cool3DSideBarMenu" */ = {
			isa = XCConfigurationList;
			buildConfigurations = (
				9710277422A8B1AC00217585 /* Debug */,
				9710277522A8B1AC00217585 /* Release */,
			);
			defaultConfigurationIsVisible = 0;
			defaultConfigurationName = Release;
		};
		9710277622A8B1AC00217585 /* Build configuration list for PBXNativeTarget "Cool3DSideBarMenu" */ = {
			isa = XCConfigurationList;
			buildConfigurations = (
				9710277722A8B1AC00217585 /* Debug */,
				9710277822A8B1AC00217585 /* Release */,
			);
			defaultConfigurationIsVisible = 0;
			defaultConfigurationName = Release;
		};
/* End XCConfigurationList section */
	};
	rootObject = 9710275822A8B1AB00217585 /* Project object */;
}
